
Microsoft Visual Studio Solution File, Format Version 12.00
# Visual Studio 15
VisualStudioVersion = 15.0.28010.2050
MinimumVisualStudioVersion = 10.0.40219.1
Project("{8BC9CEB8-8B4A-11D0-8D11-00A0C91BC942}") = "1zadDom2Merlin", "1zadDom2Merlin\1zadDom2Merlin.vcxproj", "{4B4D5553-25B6-4554-802A-B643236C2984}"
EndProject
Global
	GlobalSection(SolutionConfigurationPlatforms) = preSolution
		Debug|x64 = Debug|x64
		Debug|x86 = Debug|x86
		Release|x64 = Release|x64
		Release|x86 = Release|x86
	EndGlobalSection
	GlobalSection(ProjectConfigurationPlatforms) = postSolution
		{4B4D5553-25B6-4554-802A-B643236C2984}.Debug|x64.ActiveCfg = Debug|x64
		{4B4D5553-25B6-4554-802A-B643236C2984}.Debug|x64.Build.0 = Debug|x64
		{4B4D5553-25B6-4554-802A-B643236C2984}.Debug|x86.ActiveCfg = Debug|Win32
		{4B4D5553-25B6-4554-802A-B643236C2984}.Debug|x86.Build.0 = Debug|Win32
		{4B4D5553-25B6-4554-802A-B643236C2984}.Release|x64.ActiveCfg = Release|x64
		{4B4D5553-25B6-4554-802A-B643236C2984}.Release|x64.Build.0 = Release|x64
		{4B4D5553-25B6-4554-802A-B643236C2984}.Release|x86.ActiveCfg = Release|Win32
		{4B4D5553-25B6-4554-802A-B643236C2984}.Release|x86.Build.0 = Release|Win32
	EndGlobalSection
	GlobalSection(SolutionProperties) = preSolution
		HideSolutionNode = FALSE
	EndGlobalSection
	GlobalSection(ExtensibilityGlobals) = postSolution
		SolutionGuid = {D32A0525-D935-4FE4-B8EB-A121C0532CCB}
	EndGlobalSection
EndGlobal
